
Microsoft Visual Studio Solution File, Format Version 12.00
# Visual Studio Version 16
VisualStudioVersion = 16.0.31005.135
MinimumVisualStudioVersion = 15.0.26124.0
Project("{9A19103F-16F7-4668-BE54-9A1E7A4F7556}") = "StreamHelper", "StreamHelper\StreamHelper.csproj", "{C592E272-51BA-4D34-9ABA-F896200B39A8}"
EndProject
Project("{9A19103F-16F7-4668-BE54-9A1E7A4F7556}") = "AutoUpdate", "AutoUpdate\AutoUpdate.csproj", "{1DB13949-AB5C-41EE-90CD-C84425FFAA9B}"
EndProject
Project("{9A19103F-16F7-4668-BE54-9A1E7A4F7556}") = "dupGuard", "dupGuard\dupGuard.csproj", "{4050AE65-4684-429B-A222-68416861200A}"
EndProject
Project("{9A19103F-16F7-4668-BE54-9A1E7A4F7556}") = "DownloadController", "DownloadController\DownloadController.csproj", "{362BE0A6-A153-4DB6-93B3-BE26998A2C34}"
EndProject
Project("{9A19103F-16F7-4668-BE54-9A1E7A4F7556}") = "DownloadServer", "DownloadServer\DownloadServer.csproj", "{CE6960C0-F7BE-453F-A974-9F7CB80904D1}"
EndProject
Project("{9A19103F-16F7-4668-BE54-9A1E7A4F7556}") = "DownloadShared", "DownloadShared\DownloadShared.csproj", "{6181122B-7361-4015-ACE5-4415F15D010A}"
EndProject
Project("{9A19103F-16F7-4668-BE54-9A1E7A4F7556}") = "DownloadTest", "DownloadTest\DownloadTest.csproj", "{7689D567-8E0A-4114-9ADF-DB5403043511}"
EndProject
Project("{9A19103F-16F7-4668-BE54-9A1E7A4F7556}") = "Packer", "Packer\Packer.csproj", "{75CC3280-E143-412C-97A9-8EC7B09C859C}"
EndProject
Project("{54435603-DBB4-11D2-8724-00A0C9A8B90C}") = "Setup", "Setup\Setup.vdproj", "{A6EFA671-E869-45B3-95A2-FF0420915D80}"
EndProject
Project("{FAE04EC0-301F-11D3-BF4B-00C04F79EFBC}") = "KotS12CustomInstaller", "KotS12CustomInstaller\KotS12CustomInstaller.csproj", "{9F61ACEB-76A1-4B7F-97C7-94D108179350}"
EndProject
Global
	GlobalSection(SolutionConfigurationPlatforms) = preSolution
		Debug|Any CPU = Debug|Any CPU
		Debug|x64 = Debug|x64
		Debug|x86 = Debug|x86
		Release|Any CPU = Release|Any CPU
		Release|x64 = Release|x64
		Release|x86 = Release|x86
	EndGlobalSection
	GlobalSection(ProjectConfigurationPlatforms) = postSolution
		{C592E272-51BA-4D34-9ABA-F896200B39A8}.Debug|Any CPU.ActiveCfg = Debug|Any CPU
		{C592E272-51BA-4D34-9ABA-F896200B39A8}.Debug|Any CPU.Build.0 = Debug|Any CPU
		{C592E272-51BA-4D34-9ABA-F896200B39A8}.Debug|x64.ActiveCfg = Debug|Any CPU
		{C592E272-51BA-4D34-9ABA-F896200B39A8}.Debug|x64.Build.0 = Debug|Any CPU
		{C592E272-51BA-4D34-9ABA-F896200B39A8}.Debug|x86.ActiveCfg = Debug|Any CPU
		{C592E272-51BA-4D34-9ABA-F896200B39A8}.Debug|x86.Build.0 = Debug|Any CPU
		{C592E272-51BA-4D34-9ABA-F896200B39A8}.Release|Any CPU.ActiveCfg = Release|Any CPU
		{C592E272-51BA-4D34-9ABA-F896200B39A8}.Release|Any CPU.Build.0 = Release|Any CPU
		{C592E272-51BA-4D34-9ABA-F896200B39A8}.Release|x64.ActiveCfg = Release|Any CPU
		{C592E272-51BA-4D34-9ABA-F896200B39A8}.Release|x64.Build.0 = Release|Any CPU
		{C592E272-51BA-4D34-9ABA-F896200B39A8}.Release|x86.ActiveCfg = Release|Any CPU
		{C592E272-51BA-4D34-9ABA-F896200B39A8}.Release|x86.Build.0 = Release|Any CPU
		{1DB13949-AB5C-41EE-90CD-C84425FFAA9B}.Debug|Any CPU.ActiveCfg = Debug|Any CPU
		{1DB13949-AB5C-41EE-90CD-C84425FFAA9B}.Debug|Any CPU.Build.0 = Debug|Any CPU
		{1DB13949-AB5C-41EE-90CD-C84425FFAA9B}.Debug|x64.ActiveCfg = Debug|Any CPU
		{1DB13949-AB5C-41EE-90CD-C84425FFAA9B}.Debug|x64.Build.0 = Debug|Any CPU
		{1DB13949-AB5C-41EE-90CD-C84425FFAA9B}.Debug|x86.ActiveCfg = Debug|Any CPU
		{1DB13949-AB5C-41EE-90CD-C84425FFAA9B}.Debug|x86.Build.0 = Debug|Any CPU
		{1DB13949-AB5C-41EE-90CD-C84425FFAA9B}.Release|Any CPU.ActiveCfg = Release|Any CPU
		{1DB13949-AB5C-41EE-90CD-C84425FFAA9B}.Release|Any CPU.Build.0 = Release|Any CPU
		{1DB13949-AB5C-41EE-90CD-C84425FFAA9B}.Release|x64.ActiveCfg = Release|Any CPU
		{1DB13949-AB5C-41EE-90CD-C84425FFAA9B}.Release|x64.Build.0 = Release|Any CPU
		{1DB13949-AB5C-41EE-90CD-C84425FFAA9B}.Release|x86.ActiveCfg = Release|Any CPU
		{1DB13949-AB5C-41EE-90CD-C84425FFAA9B}.Release|x86.Build.0 = Release|Any CPU
		{4050AE65-4684-429B-A222-68416861200A}.Debug|Any CPU.ActiveCfg = Debug|Any CPU
		{4050AE65-4684-429B-A222-68416861200A}.Debug|Any CPU.Build.0 = Debug|Any CPU
		{4050AE65-4684-429B-A222-68416861200A}.Debug|x64.ActiveCfg = Debug|Any CPU
		{4050AE65-4684-429B-A222-68416861200A}.Debug|x64.Build.0 = Debug|Any CPU
		{4050AE65-4684-429B-A222-68416861200A}.Debug|x86.ActiveCfg = Debug|Any CPU
		{4050AE65-4684-429B-A222-68416861200A}.Debug|x86.Build.0 = Debug|Any CPU
		{4050AE65-4684-429B-A222-68416861200A}.Release|Any CPU.ActiveCfg = Release|Any CPU
		{4050AE65-4684-429B-A222-68416861200A}.Release|Any CPU.Build.0 = Release|Any CPU
		{4050AE65-4684-429B-A222-68416861200A}.Release|x64.ActiveCfg = Release|Any CPU
		{4050AE65-4684-429B-A222-68416861200A}.Release|x64.Build.0 = Release|Any CPU
		{4050AE65-4684-429B-A222-68416861200A}.Release|x86.ActiveCfg = Release|Any CPU
		{4050AE65-4684-429B-A222-68416861200A}.Release|x86.Build.0 = Release|Any CPU
		{362BE0A6-A153-4DB6-93B3-BE26998A2C34}.Debug|Any CPU.ActiveCfg = Debug|Any CPU
		{362BE0A6-A153-4DB6-93B3-BE26998A2C34}.Debug|Any CPU.Build.0 = Debug|Any CPU
		{362BE0A6-A153-4DB6-93B3-BE26998A2C34}.Debug|x64.ActiveCfg = Debug|Any CPU
		{362BE0A6-A153-4DB6-93B3-BE26998A2C34}.Debug|x64.Build.0 = Debug|Any CPU
		{362BE0A6-A153-4DB6-93B3-BE26998A2C34}.Debug|x86.ActiveCfg = Debug|Any CPU
		{362BE0A6-A153-4DB6-93B3-BE26998A2C34}.Debug|x86.Build.0 = Debug|Any CPU
		{362BE0A6-A153-4DB6-93B3-BE26998A2C34}.Release|Any CPU.ActiveCfg = Release|Any CPU
		{362BE0A6-A153-4DB6-93B3-BE26998A2C34}.Release|Any CPU.Build.0 = Release|Any CPU
		{362BE0A6-A153-4DB6-93B3-BE26998A2C34}.Release|x64.ActiveCfg = Release|Any CPU
		{362BE0A6-A153-4DB6-93B3-BE26998A2C34}.Release|x64.Build.0 = Release|Any CPU
		{362BE0A6-A153-4DB6-93B3-BE26998A2C34}.Release|x86.ActiveCfg = Release|Any CPU
		{362BE0A6-A153-4DB6-93B3-BE26998A2C34}.Release|x86.Build.0 = Release|Any CPU
		{CE6960C0-F7BE-453F-A974-9F7CB80904D1}.Debug|Any CPU.ActiveCfg = Debug|Any CPU
		{CE6960C0-F7BE-453F-A974-9F7CB80904D1}.Debug|Any CPU.Build.0 = Debug|Any CPU
		{CE6960C0-F7BE-453F-A974-9F7CB80904D1}.Debug|x64.ActiveCfg = Debug|Any CPU
		{CE6960C0-F7BE-453F-A974-9F7CB80904D1}.Debug|x64.Build.0 = Debug|Any CPU
		{CE6960C0-F7BE-453F-A974-9F7CB80904D1}.Debug|x86.ActiveCfg = Debug|Any CPU
		{CE6960C0-F7BE-453F-A974-9F7CB80904D1}.Debug|x86.Build.0 = Debug|Any CPU
		{CE6960C0-F7BE-453F-A974-9F7CB80904D1}.Release|Any CPU.ActiveCfg = Release|Any CPU
		{CE6960C0-F7BE-453F-A974-9F7CB80904D1}.Release|Any CPU.Build.0 = Release|Any CPU
		{CE6960C0-F7BE-453F-A974-9F7CB80904D1}.Release|x64.ActiveCfg = Release|Any CPU
		{CE6960C0-F7BE-453F-A974-9F7CB80904D1}.Release|x64.Build.0 = Release|Any CPU
		{CE6960C0-F7BE-453F-A974-9F7CB80904D1}.Release|x86.ActiveCfg = Release|Any CPU
		{CE6960C0-F7BE-453F-A974-9F7CB80904D1}.Release|x86.Build.0 = Release|Any CPU
		{6181122B-7361-4015-ACE5-4415F15D010A}.Debug|Any CPU.ActiveCfg = Debug|Any CPU
		{6181122B-7361-4015-ACE5-4415F15D010A}.Debug|Any CPU.Build.0 = Debug|Any CPU
		{6181122B-7361-4015-ACE5-4415F15D010A}.Debug|x64.ActiveCfg = Debug|Any CPU
		{6181122B-7361-4015-ACE5-4415F15D010A}.Debug|x64.Build.0 = Debug|Any CPU
		{6181122B-7361-4015-ACE5-4415F15D010A}.Debug|x86.ActiveCfg = Debug|Any CPU
		{6181122B-7361-4015-ACE5-4415F15D010A}.Debug|x86.Build.0 = Debug|Any CPU
		{6181122B-7361-4015-ACE5-4415F15D010A}.Release|Any CPU.ActiveCfg = Release|Any CPU
		{6181122B-7361-4015-ACE5-4415F15D010A}.Release|Any CPU.Build.0 = Release|Any CPU
		{6181122B-7361-4015-ACE5-4415F15D010A}.Release|x64.ActiveCfg = Release|Any CPU
		{6181122B-7361-4015-ACE5-4415F15D010A}.Release|x64.Build.0 = Release|Any CPU
		{6181122B-7361-4015-ACE5-4415F15D010A}.Release|x86.ActiveCfg = Release|Any CPU
		{6181122B-7361-4015-ACE5-4415F15D010A}.Release|x86.Build.0 = Release|Any CPU
		{7689D567-8E0A-4114-9ADF-DB5403043511}.Debug|Any CPU.ActiveCfg = Debug|Any CPU
		{7689D567-8E0A-4114-9ADF-DB5403043511}.Debug|Any CPU.Build.0 = Debug|Any CPU
		{7689D567-8E0A-4114-9ADF-DB5403043511}.Debug|x64.ActiveCfg = Debug|Any CPU
		{7689D567-8E0A-4114-9ADF-DB5403043511}.Debug|x64.Build.0 = Debug|Any CPU
		{7689D567-8E0A-4114-9ADF-DB5403043511}.Debug|x86.ActiveCfg = Debug|Any CPU
		{7689D567-8E0A-4114-9ADF-DB5403043511}.Debug|x86.Build.0 = Debug|Any CPU
		{7689D567-8E0A-4114-9ADF-DB5403043511}.Release|Any CPU.ActiveCfg = Release|Any CPU
		{7689D567-8E0A-4114-9ADF-DB5403043511}.Release|Any CPU.Build.0 = Release|Any CPU
		{7689D567-8E0A-4114-9ADF-DB5403043511}.Release|x64.ActiveCfg = Release|Any CPU
		{7689D567-8E0A-4114-9ADF-DB5403043511}.Release|x64.Build.0 = Release|Any CPU
		{7689D567-8E0A-4114-9ADF-DB5403043511}.Release|x86.ActiveCfg = Release|Any CPU
		{7689D567-8E0A-4114-9ADF-DB5403043511}.Release|x86.Build.0 = Release|Any CPU
		{75CC3280-E143-412C-97A9-8EC7B09C859C}.Debug|Any CPU.ActiveCfg = Debug|Any CPU
		{75CC3280-E143-412C-97A9-8EC7B09C859C}.Debug|Any CPU.Build.0 = Debug|Any CPU
		{75CC3280-E143-412C-97A9-8EC7B09C859C}.Debug|x64.ActiveCfg = Debug|Any CPU
		{75CC3280-E143-412C-97A9-8EC7B09C859C}.Debug|x64.Build.0 = Debug|Any CPU
		{75CC3280-E143-412C-97A9-8EC7B09C859C}.Debug|x86.ActiveCfg = Debug|Any CPU
		{75CC3280-E143-412C-97A9-8EC7B09C859C}.Debug|x86.Build.0 = Debug|Any CPU
		{75CC3280-E143-412C-97A9-8EC7B09C859C}.Release|Any CPU.ActiveCfg = Release|Any CPU
		{75CC3280-E143-412C-97A9-8EC7B09C859C}.Release|Any CPU.Build.0 = Release|Any CPU
		{75CC3280-E143-412C-97A9-8EC7B09C859C}.Release|x64.ActiveCfg = Release|Any CPU
		{75CC3280-E143-412C-97A9-8EC7B09C859C}.Release|x64.Build.0 = Release|Any CPU
		{75CC3280-E143-412C-97A9-8EC7B09C859C}.Release|x86.ActiveCfg = Release|Any CPU
		{75CC3280-E143-412C-97A9-8EC7B09C859C}.Release|x86.Build.0 = Release|Any CPU
		{A6EFA671-E869-45B3-95A2-FF0420915D80}.Debug|Any CPU.ActiveCfg = Debug
		{A6EFA671-E869-45B3-95A2-FF0420915D80}.Debug|x64.ActiveCfg = Debug
		{A6EFA671-E869-45B3-95A2-FF0420915D80}.Debug|x86.ActiveCfg = Debug
		{A6EFA671-E869-45B3-95A2-FF0420915D80}.Release|Any CPU.ActiveCfg = Release
		{A6EFA671-E869-45B3-95A2-FF0420915D80}.Release|x64.ActiveCfg = Release
		{A6EFA671-E869-45B3-95A2-FF0420915D80}.Release|x86.ActiveCfg = Release
		{9F61ACEB-76A1-4B7F-97C7-94D108179350}.Debug|Any CPU.ActiveCfg = Debug|Any CPU
		{9F61ACEB-76A1-4B7F-97C7-94D108179350}.Debug|Any CPU.Build.0 = Debug|Any CPU
		{9F61ACEB-76A1-4B7F-97C7-94D108179350}.Debug|x64.ActiveCfg = Debug|Any CPU
		{9F61ACEB-76A1-4B7F-97C7-94D108179350}.Debug|x64.Build.0 = Debug|Any CPU
		{9F61ACEB-76A1-4B7F-97C7-94D108179350}.Debug|x86.ActiveCfg = Debug|Any CPU
		{9F61ACEB-76A1-4B7F-97C7-94D108179350}.Debug|x86.Build.0 = Debug|Any CPU
		{9F61ACEB-76A1-4B7F-97C7-94D108179350}.Release|Any CPU.ActiveCfg = Release|Any CPU
		{9F61ACEB-76A1-4B7F-97C7-94D108179350}.Release|Any CPU.Build.0 = Release|Any CPU
		{9F61ACEB-76A1-4B7F-97C7-94D108179350}.Release|x64.ActiveCfg = Release|Any CPU
		{9F61ACEB-76A1-4B7F-97C7-94D108179350}.Release|x64.Build.0 = Release|Any CPU
		{9F61ACEB-76A1-4B7F-97C7-94D108179350}.Release|x86.ActiveCfg = Release|Any CPU
		{9F61ACEB-76A1-4B7F-97C7-94D108179350}.Release|x86.Build.0 = Release|Any CPU
	EndGlobalSection
	GlobalSection(SolutionProperties) = preSolution
		HideSolutionNode = FALSE
	EndGlobalSection
	GlobalSection(ExtensibilityGlobals) = postSolution
		SolutionGuid = {90B884B6-A13C-4C10-BF0B-AE2A2F855D03}
	EndGlobalSection
EndGlobal
